
Microsoft Visual Studio Solution File, Format Version 12.00
# Visual Studio Version 17
VisualStudioVersion = 17.14.36121.58 d17.14
MinimumVisualStudioVersion = 10.0.40219.1
Project("{FAE04EC0-301F-11D3-BF4B-00C04F79EFBC}") = "ActividadUnidad1", "ActividadUnidad1\ActividadUnidad1.csproj", "{2BA396F5-CCB8-4B77-895C-41DA02A872BB}"
EndProject
Global
	GlobalSection(SolutionConfigurationPlatforms) = preSolution
		Debug|Any CPU = Debug|Any CPU
		Release|Any CPU = Release|Any CPU
	EndGlobalSection
	GlobalSection(ProjectConfigurationPlatforms) = postSolution
		{2BA396F5-CCB8-4B77-895C-41DA02A872BB}.Debug|Any CPU.ActiveCfg = Debug|Any CPU
		{2BA396F5-CCB8-4B77-895C-41DA02A872BB}.Debug|Any CPU.Build.0 = Debug|Any CPU
		{2BA396F5-CCB8-4B77-895C-41DA02A872BB}.Release|Any CPU.ActiveCfg = Release|Any CPU
		{2BA396F5-CCB8-4B77-895C-41DA02A872BB}.Release|Any CPU.Build.0 = Release|Any CPU
	EndGlobalSection
	GlobalSection(SolutionProperties) = preSolution
		HideSolutionNode = FALSE
	EndGlobalSection
	GlobalSection(ExtensibilityGlobals) = postSolution
		SolutionGuid = {F67B6210-AFD9-4C27-9273-03D074CFB031}
	EndGlobalSection
EndGlobal
